
Microsoft Visual Studio Solution File, Format Version 12.00
Project("{FAE04EC0-301F-11D3-BF4B-00C04F79EFBC}") = "Pan.UserInterface", "Pan.UserInterface\Pan.UserInterface.csproj", "{D593CAA9-A5FE-4E4D-B58C-F7A19DFB63AE}"
EndProject
Project("{FAE04EC0-301F-11D3-BF4B-00C04F79EFBC}") = "Pan.Lib", "Pan.Lib\Pan.Lib.csproj", "{00DE5A43-6280-4075-8715-15DD2ED3CB63}"
EndProject
Project("{FAE04EC0-301F-11D3-BF4B-00C04F79EFBC}") = "Pan.Tests", "Pan.Tests\Pan.Tests.csproj", "{EBFD97D7-7A29-463E-94B8-FB2AC20E7262}"
EndProject
Project("{FAE04EC0-301F-11D3-BF4B-00C04F79EFBC}") = "Pan.Konsol", "Pan.Konsol\Pan.Konsol.csproj", "{486D4291-5D58-4160-9F31-1563184BB299}"
EndProject
Global
	GlobalSection(SolutionConfigurationPlatforms) = preSolution
		Debug|Any CPU = Debug|Any CPU
		Release|Any CPU = Release|Any CPU
	EndGlobalSection
	GlobalSection(ProjectConfigurationPlatforms) = postSolution
		{D593CAA9-A5FE-4E4D-B58C-F7A19DFB63AE}.Debug|Any CPU.ActiveCfg = Debug|Any CPU
		{D593CAA9-A5FE-4E4D-B58C-F7A19DFB63AE}.Debug|Any CPU.Build.0 = Debug|Any CPU
		{D593CAA9-A5FE-4E4D-B58C-F7A19DFB63AE}.Release|Any CPU.ActiveCfg = Release|Any CPU
		{D593CAA9-A5FE-4E4D-B58C-F7A19DFB63AE}.Release|Any CPU.Build.0 = Release|Any CPU
		{00DE5A43-6280-4075-8715-15DD2ED3CB63}.Debug|Any CPU.ActiveCfg = Debug|Any CPU
		{00DE5A43-6280-4075-8715-15DD2ED3CB63}.Debug|Any CPU.Build.0 = Debug|Any CPU
		{00DE5A43-6280-4075-8715-15DD2ED3CB63}.Release|Any CPU.ActiveCfg = Release|Any CPU
		{00DE5A43-6280-4075-8715-15DD2ED3CB63}.Release|Any CPU.Build.0 = Release|Any CPU
		{EBFD97D7-7A29-463E-94B8-FB2AC20E7262}.Debug|Any CPU.ActiveCfg = Debug|Any CPU
		{EBFD97D7-7A29-463E-94B8-FB2AC20E7262}.Debug|Any CPU.Build.0 = Debug|Any CPU
		{EBFD97D7-7A29-463E-94B8-FB2AC20E7262}.Release|Any CPU.ActiveCfg = Release|Any CPU
		{EBFD97D7-7A29-463E-94B8-FB2AC20E7262}.Release|Any CPU.Build.0 = Release|Any CPU
		{486D4291-5D58-4160-9F31-1563184BB299}.Debug|Any CPU.ActiveCfg = Debug|Any CPU
		{486D4291-5D58-4160-9F31-1563184BB299}.Debug|Any CPU.Build.0 = Debug|Any CPU
		{486D4291-5D58-4160-9F31-1563184BB299}.Release|Any CPU.ActiveCfg = Release|Any CPU
		{486D4291-5D58-4160-9F31-1563184BB299}.Release|Any CPU.Build.0 = Release|Any CPU
	EndGlobalSection
EndGlobal
